
Microsoft Visual Studio Solution File, Format Version 12.00
# Visual Studio Version 17
VisualStudioVersion = 17.3.32819.101
MinimumVisualStudioVersion = 10.0.40219.1
Project("{9A19103F-16F7-4668-BE54-9A1E7A4F7556}") = "MVCStoreeWeb", "MVCStoree\MVCStoreeWeb.csproj", "{75BDC525-2CB4-4BCA-A1C3-0FCDCB6D2308}"
EndProject
Project("{9A19103F-16F7-4668-BE54-9A1E7A4F7556}") = "MVCStoreeData", "MVCStoreeData\MVCStoreeData.csproj", "{448E92DD-D8CE-496D-B547-180C57870599}"
EndProject
Project("{9A19103F-16F7-4668-BE54-9A1E7A4F7556}") = "MigrationSqlServer", "MigrationSqlServer\MigrationSqlServer.csproj", "{4DD2CE0A-FF0D-419C-B89B-8C146477EE1D}"
EndProject
Global
	GlobalSection(SolutionConfigurationPlatforms) = preSolution
		Debug|Any CPU = Debug|Any CPU
		Release|Any CPU = Release|Any CPU
	EndGlobalSection
	GlobalSection(ProjectConfigurationPlatforms) = postSolution
		{75BDC525-2CB4-4BCA-A1C3-0FCDCB6D2308}.Debug|Any CPU.ActiveCfg = Debug|Any CPU
		{75BDC525-2CB4-4BCA-A1C3-0FCDCB6D2308}.Debug|Any CPU.Build.0 = Debug|Any CPU
		{75BDC525-2CB4-4BCA-A1C3-0FCDCB6D2308}.Release|Any CPU.ActiveCfg = Release|Any CPU
		{75BDC525-2CB4-4BCA-A1C3-0FCDCB6D2308}.Release|Any CPU.Build.0 = Release|Any CPU
		{448E92DD-D8CE-496D-B547-180C57870599}.Debug|Any CPU.ActiveCfg = Debug|Any CPU
		{448E92DD-D8CE-496D-B547-180C57870599}.Debug|Any CPU.Build.0 = Debug|Any CPU
		{448E92DD-D8CE-496D-B547-180C57870599}.Release|Any CPU.ActiveCfg = Release|Any CPU
		{448E92DD-D8CE-496D-B547-180C57870599}.Release|Any CPU.Build.0 = Release|Any CPU
		{4DD2CE0A-FF0D-419C-B89B-8C146477EE1D}.Debug|Any CPU.ActiveCfg = Debug|Any CPU
		{4DD2CE0A-FF0D-419C-B89B-8C146477EE1D}.Debug|Any CPU.Build.0 = Debug|Any CPU
		{4DD2CE0A-FF0D-419C-B89B-8C146477EE1D}.Release|Any CPU.ActiveCfg = Release|Any CPU
		{4DD2CE0A-FF0D-419C-B89B-8C146477EE1D}.Release|Any CPU.Build.0 = Release|Any CPU
	EndGlobalSection
	GlobalSection(SolutionProperties) = preSolution
		HideSolutionNode = FALSE
	EndGlobalSection
	GlobalSection(ExtensibilityGlobals) = postSolution
		SolutionGuid = {21EEB948-8CC6-4081-9DAF-C71CABDC00BB}
	EndGlobalSection
EndGlobal
